// !$*UTF8*$!
{
	archiveVersion = 1;
	classes = {
	};
	objectVersion = 46;
	objects = {

/* Begin PBXBuildFile section */
		3D1A634416845C770095362C /* MyAppInterlayer.cpp in Sources */ = {isa = PBXBuildFile; fileRef = 3D1A634316845C770095362C /* MyAppInterlayer.cpp */; };
		3D1A634716845D350095362C /* MyApp.cpp in Sources */ = {isa = PBXBuildFile; fileRef = 3D1A634616845D350095362C /* MyApp.cpp */; };
		3D1A634A16845D5C0095362C /* MyRootViewController.cpp in Sources */ = {isa = PBXBuildFile; fileRef = 3D1A634916845D5C0095362C /* MyRootViewController.cpp */; };
		3D1A634D168463C00095362C /* iOSAppInterlayer.mm in Sources */ = {isa = PBXBuildFile; fileRef = 3D1A634C168463BF0095362C /* iOSAppInterlayer.mm */; };
		3D1C7EBD1656D65B009B3BAD /* MyGLView.m in Sources */ = {isa = PBXBuildFile; fileRef = 3D1C7EBC1656D65B009B3BAD /* MyGLView.m */; };
		3D4FAE001656CA1700A2C487 /* UIKit.framework in Frameworks */ = {isa = PBXBuildFile; fileRef = 3D4FADFF1656CA1700A2C487 /* UIKit.framework */; };
		3D4FAE021656CA1700A2C487 /* Foundation.framework in Frameworks */ = {isa = PBXBuildFile; fileRef = 3D4FAE011656CA1700A2C487 /* Foundation.framework */; };
		3D4FAE041656CA1700A2C487 /* CoreGraphics.framework in Frameworks */ = {isa = PBXBuildFile; fileRef = 3D4FAE031656CA1700A2C487 /* CoreGraphics.framework */; };
		3D4FAE061656CA1700A2C487 /* GLKit.framework in Frameworks */ = {isa = PBXBuildFile; fileRef = 3D4FAE051656CA1700A2C487 /* GLKit.framework */; };
		3D4FAE081656CA1700A2C487 /* OpenGLES.framework in Frameworks */ = {isa = PBXBuildFile; fileRef = 3D4FAE071656CA1700A2C487 /* OpenGLES.framework */; };
		3D4FAE0E1656CA1700A2C487 /* InfoPlist.strings in Resources */ = {isa = PBXBuildFile; fileRef = 3D4FAE0C1656CA1700A2C487 /* InfoPlist.strings */; };
		3D4FAE101656CA1700A2C487 /* main.m in Sources */ = {isa = PBXBuildFile; fileRef = 3D4FAE0F1656CA1700A2C487 /* main.m */; };
		3D4FAE141656CA1700A2C487 /* AppDelegate.m in Sources */ = {isa = PBXBuildFile; fileRef = 3D4FAE131656CA1700A2C487 /* AppDelegate.m */; };
		3D4FAE1B1656CA1700A2C487 /* MyGLViewController.m in Sources */ = {isa = PBXBuildFile; fileRef = 3D4FAE1A1656CA1700A2C487 /* MyGLViewController.m */; };
		3D7E564D1684710200E3604A /* data0.dat in Resources */ = {isa = PBXBuildFile; fileRef = 3D7E564C1684710200E3604A /* data0.dat */; };
		3D7E564F1684711300E3604A /* data in Resources */ = {isa = PBXBuildFile; fileRef = 3D7E564E1684711300E3604A /* data */; };
		3DB9171D175F5039000987F1 /* RECoreSDK.framework in Frameworks */ = {isa = PBXBuildFile; fileRef = 3DB9171C175F5039000987F1 /* RECoreSDK.framework */; };
		3DD7CEC21695801F00581FAB /* Default-568h@2x.png in Resources */ = {isa = PBXBuildFile; fileRef = 3DD7CEC11695801F00581FAB /* Default-568h@2x.png */; };
		3DD7CEC41695802300581FAB /* Default@2x.png in Resources */ = {isa = PBXBuildFile; fileRef = 3DD7CEC31695802300581FAB /* Default@2x.png */; };
		3DD7CEC61695802500581FAB /* Default.png in Resources */ = {isa = PBXBuildFile; fileRef = 3DD7CEC51695802500581FAB /* Default.png */; };
/* End PBXBuildFile section */

/* Begin PBXFileReference section */
		3D1A634216845C500095362C /* MyAppInterlayer.h */ = {isa = PBXFileReference; lastKnownFileType = sourcecode.c.h; name = MyAppInterlayer.h; path = MyAppInterlayer/MyAppInterlayer.h; sourceTree = SOURCE_ROOT; };
		3D1A634316845C770095362C /* MyAppInterlayer.cpp */ = {isa = PBXFileReference; fileEncoding = 4; lastKnownFileType = sourcecode.cpp.cpp; name = MyAppInterlayer.cpp; path = MyAppInterlayer/MyAppInterlayer.cpp; sourceTree = SOURCE_ROOT; };
		3D1A634516845D1B0095362C /* MyApp.h */ = {isa = PBXFileReference; lastKnownFileType = sourcecode.c.h; name = MyApp.h; path = MyApp/MyApp.h; sourceTree = SOURCE_ROOT; };
		3D1A634616845D350095362C /* MyApp.cpp */ = {isa = PBXFileReference; fileEncoding = 4; lastKnownFileType = sourcecode.cpp.cpp; name = MyApp.cpp; path = MyApp/MyApp.cpp; sourceTree = SOURCE_ROOT; };
		3D1A634816845D4F0095362C /* MyRootViewController.h */ = {isa = PBXFileReference; lastKnownFileType = sourcecode.c.h; name = MyRootViewController.h; path = MyApp/MyRootViewController.h; sourceTree = SOURCE_ROOT; };
		3D1A634916845D5C0095362C /* MyRootViewController.cpp */ = {isa = PBXFileReference; fileEncoding = 4; lastKnownFileType = sourcecode.cpp.cpp; name = MyRootViewController.cpp; path = MyApp/MyRootViewController.cpp; sourceTree = SOURCE_ROOT; };
		3D1A634B168463BF0095362C /* iOSAppInterlayer.h */ = {isa = PBXFileReference; fileEncoding = 4; lastKnownFileType = sourcecode.c.h; path = iOSAppInterlayer.h; sourceTree = "<group>"; };
		3D1A634C168463BF0095362C /* iOSAppInterlayer.mm */ = {isa = PBXFileReference; fileEncoding = 4; lastKnownFileType = sourcecode.cpp.objcpp; path = iOSAppInterlayer.mm; sourceTree = "<group>"; };
		3D1C7EBB1656D65B009B3BAD /* MyGLView.h */ = {isa = PBXFileReference; fileEncoding = 4; lastKnownFileType = sourcecode.c.h; path = MyGLView.h; sourceTree = "<group>"; };
		3D1C7EBC1656D65B009B3BAD /* MyGLView.m */ = {isa = PBXFileReference; fileEncoding = 4; lastKnownFileType = sourcecode.c.objc; path = MyGLView.m; sourceTree = "<group>"; };
		3D4FADFB1656CA1700A2C487 /* SimpleViewController.app */ = {isa = PBXFileReference; explicitFileType = wrapper.application; includeInIndex = 0; path = SimpleViewController.app; sourceTree = BUILT_PRODUCTS_DIR; };
		3D4FADFF1656CA1700A2C487 /* UIKit.framework */ = {isa = PBXFileReference; lastKnownFileType = wrapper.framework; name = UIKit.framework; path = System/Library/Frameworks/UIKit.framework; sourceTree = SDKROOT; };
		3D4FAE011656CA1700A2C487 /* Foundation.framework */ = {isa = PBXFileReference; lastKnownFileType = wrapper.framework; name = Foundation.framework; path = System/Library/Frameworks/Foundation.framework; sourceTree = SDKROOT; };
		3D4FAE031656CA1700A2C487 /* CoreGraphics.framework */ = {isa = PBXFileReference; lastKnownFileType = wrapper.framework; name = CoreGraphics.framework; path = System/Library/Frameworks/CoreGraphics.framework; sourceTree = SDKROOT; };
		3D4FAE051656CA1700A2C487 /* GLKit.framework */ = {isa = PBXFileReference; lastKnownFileType = wrapper.framework; name = GLKit.framework; path = System/Library/Frameworks/GLKit.framework; sourceTree = SDKROOT; };
		3D4FAE071656CA1700A2C487 /* OpenGLES.framework */ = {isa = PBXFileReference; lastKnownFileType = wrapper.framework; name = OpenGLES.framework; path = System/Library/Frameworks/OpenGLES.framework; sourceTree = SDKROOT; };
		3D4FAE0B1656CA1700A2C487 /* SimpleViewController-Info.plist */ = {isa = PBXFileReference; lastKnownFileType = text.plist.xml; path = "SimpleViewController-Info.plist"; sourceTree = "<group>"; };
		3D4FAE0D1656CA1700A2C487 /* en */ = {isa = PBXFileReference; lastKnownFileType = text.plist.strings; name = en; path = en.lproj/InfoPlist.strings; sourceTree = "<group>"; };
		3D4FAE0F1656CA1700A2C487 /* main.m */ = {isa = PBXFileReference; lastKnownFileType = sourcecode.c.objc; path = main.m; sourceTree = "<group>"; };
		3D4FAE111656CA1700A2C487 /* SimpleViewController-Prefix.pch */ = {isa = PBXFileReference; lastKnownFileType = sourcecode.c.h; path = "SimpleViewController-Prefix.pch"; sourceTree = "<group>"; };
		3D4FAE121656CA1700A2C487 /* AppDelegate.h */ = {isa = PBXFileReference; lastKnownFileType = sourcecode.c.h; path = AppDelegate.h; sourceTree = "<group>"; };
		3D4FAE131656CA1700A2C487 /* AppDelegate.m */ = {isa = PBXFileReference; lastKnownFileType = sourcecode.c.objc; path = AppDelegate.m; sourceTree = "<group>"; };
		3D4FAE191656CA1700A2C487 /* MyGLViewController.h */ = {isa = PBXFileReference; lastKnownFileType = sourcecode.c.h; path = MyGLViewController.h; sourceTree = "<group>"; };
		3D4FAE1A1656CA1700A2C487 /* MyGLViewController.m */ = {isa = PBXFileReference; lastKnownFileType = sourcecode.c.objc; path = MyGLViewController.m; sourceTree = "<group>"; };
		3D7E564C1684710200E3604A /* data0.dat */ = {isa = PBXFileReference; lastKnownFileType = file; name = data0.dat; path = ../../../resources/SimpleViewController/data0.dat; sourceTree = "<group>"; };
		3D7E564E1684711300E3604A /* data */ = {isa = PBXFileReference; lastKnownFileType = folder; name = data; path = ../../../resources/SimpleViewController/data; sourceTree = "<group>"; };
		3DB9171C175F5039000987F1 /* RECoreSDK.framework */ = {isa = PBXFileReference; lastKnownFileType = wrapper.framework; name = RECoreSDK.framework; path = ../../../lib_bin/ios/RECoreSDK.framework; sourceTree = "<group>"; };
		3DD7CEC11695801F00581FAB /* Default-568h@2x.png */ = {isa = PBXFileReference; lastKnownFileType = image.png; name = "Default-568h@2x.png"; path = "../Default-568h@2x.png"; sourceTree = "<group>"; };
		3DD7CEC31695802300581FAB /* Default@2x.png */ = {isa = PBXFileReference; lastKnownFileType = image.png; name = "Default@2x.png"; path = "../Default@2x.png"; sourceTree = "<group>"; };
		3DD7CEC51695802500581FAB /* Default.png */ = {isa = PBXFileReference; lastKnownFileType = image.png; name = Default.png; path = ../Default.png; sourceTree = "<group>"; };
/* End PBXFileReference section */

/* Begin PBXFrameworksBuildPhase section */
		3D4FADF81656CA1700A2C487 /* Frameworks */ = {
			isa = PBXFrameworksBuildPhase;
			buildActionMask = 2147483647;
			files = (
				3D4FAE001656CA1700A2C487 /* UIKit.framework in Frameworks */,
				3D4FAE021656CA1700A2C487 /* Foundation.framework in Frameworks */,
				3D4FAE041656CA1700A2C487 /* CoreGraphics.framework in Frameworks */,
				3D4FAE061656CA1700A2C487 /* GLKit.framework in Frameworks */,
				3D4FAE081656CA1700A2C487 /* OpenGLES.framework in Frameworks */,
				3DB9171D175F5039000987F1 /* RECoreSDK.framework in Frameworks */,
			);
			runOnlyForDeploymentPostprocessing = 0;
		};
/* End PBXFrameworksBuildPhase section */

/* Begin PBXGroup section */
		3D1A634016845BED0095362C /* MyApp */ = {
			isa = PBXGroup;
			children = (
				3D1A634516845D1B0095362C /* MyApp.h */,
				3D1A634616845D350095362C /* MyApp.cpp */,
				3D1A634816845D4F0095362C /* MyRootViewController.h */,
				3D1A634916845D5C0095362C /* MyRootViewController.cpp */,
			);
			name = MyApp;
			sourceTree = "<group>";
		};
		3D1A634116845BF60095362C /* MyAppInterlayer */ = {
			isa = PBXGroup;
			children = (
				3D1A634216845C500095362C /* MyAppInterlayer.h */,
				3D1A634316845C770095362C /* MyAppInterlayer.cpp */,
			);
			name = MyAppInterlayer;
			sourceTree = "<group>";
		};
		3D4FADF01656CA1700A2C487 = {
			isa = PBXGroup;
			children = (
				3D4FAE091656CA1700A2C487 /* SimpleViewController */,
				3D4FADFE1656CA1700A2C487 /* Frameworks */,
				3D4FADFC1656CA1700A2C487 /* Products */,
			);
			sourceTree = "<group>";
		};
		3D4FADFC1656CA1700A2C487 /* Products */ = {
			isa = PBXGroup;
			children = (
				3D4FADFB1656CA1700A2C487 /* SimpleViewController.app */,
			);
			name = Products;
			sourceTree = "<group>";
		};
		3D4FADFE1656CA1700A2C487 /* Frameworks */ = {
			isa = PBXGroup;
			children = (
				3DB9171C175F5039000987F1 /* RECoreSDK.framework */,
				3D4FADFF1656CA1700A2C487 /* UIKit.framework */,
				3D4FAE011656CA1700A2C487 /* Foundation.framework */,
				3D4FAE031656CA1700A2C487 /* CoreGraphics.framework */,
				3D4FAE051656CA1700A2C487 /* GLKit.framework */,
				3D4FAE071656CA1700A2C487 /* OpenGLES.framework */,
			);
			name = Frameworks;
			sourceTree = "<group>";
		};
		3D4FAE091656CA1700A2C487 /* SimpleViewController */ = {
			isa = PBXGroup;
			children = (
				3D1A634016845BED0095362C /* MyApp */,
				3D1A634116845BF60095362C /* MyAppInterlayer */,
				3D1A634B168463BF0095362C /* iOSAppInterlayer.h */,
				3D1A634C168463BF0095362C /* iOSAppInterlayer.mm */,
				3D4FAE121656CA1700A2C487 /* AppDelegate.h */,
				3D4FAE131656CA1700A2C487 /* AppDelegate.m */,
				3D4FAE191656CA1700A2C487 /* MyGLViewController.h */,
				3D4FAE1A1656CA1700A2C487 /* MyGLViewController.m */,
				3D1C7EBB1656D65B009B3BAD /* MyGLView.h */,
				3D1C7EBC1656D65B009B3BAD /* MyGLView.m */,
				3D4FAE0A1656CA1700A2C487 /* Supporting Files */,
			);
			path = SimpleViewController;
			sourceTree = "<group>";
		};
		3D4FAE0A1656CA1700A2C487 /* Supporting Files */ = {
			isa = PBXGroup;
			children = (
				3DD81DFA1684690C00DC1183 /* Resource */,
				3DD7CEC51695802500581FAB /* Default.png */,
				3DD7CEC31695802300581FAB /* Default@2x.png */,
				3DD7CEC11695801F00581FAB /* Default-568h@2x.png */,
				3D4FAE0B1656CA1700A2C487 /* SimpleViewController-Info.plist */,
				3D4FAE0C1656CA1700A2C487 /* InfoPlist.strings */,
				3D4FAE0F1656CA1700A2C487 /* main.m */,
				3D4FAE111656CA1700A2C487 /* SimpleViewController-Prefix.pch */,
			);
			name = "Supporting Files";
			sourceTree = "<group>";
		};
		3DD81DFA1684690C00DC1183 /* Resource */ = {
			isa = PBXGroup;
			children = (
				3DD81DFD1684693500DC1183 /* Method 1 or 2: Bundle data folder */,
				3DD81DFC1684691F00DC1183 /* Method 3: Zip compressed archive(s) */,
			);
			name = Resource;
			sourceTree = "<group>";
		};
		3DD81DFC1684691F00DC1183 /* Method 3: Zip compressed archive(s) */ = {
			isa = PBXGroup;
			children = (
				3D7E564C1684710200E3604A /* data0.dat */,
			);
			name = "Method 3: Zip compressed archive(s)";
			sourceTree = "<group>";
		};
		3DD81DFD1684693500DC1183 /* Method 1 or 2: Bundle data folder */ = {
			isa = PBXGroup;
			children = (
				3D7E564E1684711300E3604A /* data */,
			);
			name = "Method 1 or 2: Bundle data folder";
			sourceTree = "<group>";
		};
/* End PBXGroup section */

/* Begin PBXNativeTarget section */
		3D4FADFA1656CA1700A2C487 /* SimpleViewController */ = {
			isa = PBXNativeTarget;
			buildConfigurationList = 3D4FAE361656CA1700A2C487 /* Build configuration list for PBXNativeTarget "SimpleViewController" */;
			buildPhases = (
				3D4FADF71656CA1700A2C487 /* Sources */,
				3D4FADF81656CA1700A2C487 /* Frameworks */,
				3D4FADF91656CA1700A2C487 /* Resources */,
			);
			buildRules = (
			);
			dependencies = (
			);
			name = SimpleViewController;
			productName = recoreTestApp;
			productReference = 3D4FADFB1656CA1700A2C487 /* SimpleViewController.app */;
			productType = "com.apple.product-type.application";
		};
/* End PBXNativeTarget section */

/* Begin PBXProject section */
		3D4FADF21656CA1700A2C487 /* Project object */ = {
			isa = PBXProject;
			attributes = {
				LastUpgradeCheck = 0440;
				ORGANIZATIONNAME = n;
			};
			buildConfigurationList = 3D4FADF51656CA1700A2C487 /* Build configuration list for PBXProject "SimpleViewController" */;
			compatibilityVersion = "Xcode 3.2";
			developmentRegion = English;
			hasScannedForEncodings = 0;
			knownRegions = (
				en,
			);
			mainGroup = 3D4FADF01656CA1700A2C487;
			productRefGroup = 3D4FADFC1656CA1700A2C487 /* Products */;
			projectDirPath = "";
			projectRoot = "";
			targets = (
				3D4FADFA1656CA1700A2C487 /* SimpleViewController */,
			);
		};
/* End PBXProject section */

/* Begin PBXResourcesBuildPhase section */
		3D4FADF91656CA1700A2C487 /* Resources */ = {
			isa = PBXResourcesBuildPhase;
			buildActionMask = 2147483647;
			files = (
				3D4FAE0E1656CA1700A2C487 /* InfoPlist.strings in Resources */,
				3D7E564D1684710200E3604A /* data0.dat in Resources */,
				3D7E564F1684711300E3604A /* data in Resources */,
				3DD7CEC21695801F00581FAB /* Default-568h@2x.png in Resources */,
				3DD7CEC41695802300581FAB /* Default@2x.png in Resources */,
				3DD7CEC61695802500581FAB /* Default.png in Resources */,
			);
			runOnlyForDeploymentPostprocessing = 0;
		};
/* End PBXResourcesBuildPhase section */

/* Begin PBXSourcesBuildPhase section */
		3D4FADF71656CA1700A2C487 /* Sources */ = {
			isa = PBXSourcesBuildPhase;
			buildActionMask = 2147483647;
			files = (
				3D4FAE101656CA1700A2C487 /* main.m in Sources */,
				3D4FAE141656CA1700A2C487 /* AppDelegate.m in Sources */,
				3D4FAE1B1656CA1700A2C487 /* MyGLViewController.m in Sources */,
				3D1C7EBD1656D65B009B3BAD /* MyGLView.m in Sources */,
				3D1A634416845C770095362C /* MyAppInterlayer.cpp in Sources */,
				3D1A634716845D350095362C /* MyApp.cpp in Sources */,
				3D1A634A16845D5C0095362C /* MyRootViewController.cpp in Sources */,
				3D1A634D168463C00095362C /* iOSAppInterlayer.mm in Sources */,
			);
			runOnlyForDeploymentPostprocessing = 0;
		};
/* End PBXSourcesBuildPhase section */

/* Begin PBXVariantGroup section */
		3D4FAE0C1656CA1700A2C487 /* InfoPlist.strings */ = {
			isa = PBXVariantGroup;
			children = (
				3D4FAE0D1656CA1700A2C487 /* en */,
			);
			name = InfoPlist.strings;
			sourceTree = "<group>";
		};
/* End PBXVariantGroup section */

/* Begin XCBuildConfiguration section */
		3D4FAE341656CA1700A2C487 /* Debug */ = {
			isa = XCBuildConfiguration;
			buildSettings = {
				ALWAYS_SEARCH_USER_PATHS = NO;
				ARCHS = "$(ARCHS_STANDARD_32_BIT)";
				CLANG_CXX_LANGUAGE_STANDARD = "gnu++0x";
				CLANG_WARN__DUPLICATE_METHOD_MATCH = YES;
				"CODE_SIGN_IDENTITY[sdk=iphoneos*]" = "iPhone Developer";
				COPY_PHASE_STRIP = NO;
				GCC_C_LANGUAGE_STANDARD = gnu99;
				GCC_DYNAMIC_NO_PIC = NO;
				GCC_OPTIMIZATION_LEVEL = 0;
				GCC_PREPROCESSOR_DEFINITIONS = (
					"DEBUG=1",
					"$(inherited)",
				);
				GCC_SYMBOLS_PRIVATE_EXTERN = NO;
				GCC_VERSION = "";
				GCC_WARN_ABOUT_RETURN_TYPE = YES;
				GCC_WARN_UNINITIALIZED_AUTOS = YES;
				GCC_WARN_UNUSED_VARIABLE = YES;
				IPHONEOS_DEPLOYMENT_TARGET = 5.0;
				SDKROOT = iphoneos;
			};
			name = Debug;
		};
		3D4FAE351656CA1700A2C487 /* Release */ = {
			isa = XCBuildConfiguration;
			buildSettings = {
				ALWAYS_SEARCH_USER_PATHS = NO;
				ARCHS = "$(ARCHS_STANDARD_32_BIT)";
				CLANG_CXX_LANGUAGE_STANDARD = "gnu++0x";
				CLANG_WARN__DUPLICATE_METHOD_MATCH = YES;
				"CODE_SIGN_IDENTITY[sdk=iphoneos*]" = "iPhone Developer";
				COPY_PHASE_STRIP = YES;
				GCC_C_LANGUAGE_STANDARD = gnu99;
				GCC_PREPROCESSOR_DEFINITIONS = "";
				GCC_VERSION = "";
				GCC_WARN_ABOUT_RETURN_TYPE = YES;
				GCC_WARN_UNINITIALIZED_AUTOS = YES;
				GCC_WARN_UNUSED_VARIABLE = YES;
				IPHONEOS_DEPLOYMENT_TARGET = 5.0;
				OTHER_CFLAGS = "-DNS_BLOCK_ASSERTIONS=1";
				SDKROOT = iphoneos;
				VALIDATE_PRODUCT = YES;
			};
			name = Release;
		};
		3D4FAE371656CA1700A2C487 /* Debug */ = {
			isa = XCBuildConfiguration;
			buildSettings = {
				CLANG_ENABLE_OBJC_ARC = YES;
				FRAMEWORK_SEARCH_PATHS = (
					"$(inherited)",
					"\"$(SRCROOT)/../../../lib_bin/ios\"",
				);
				GCC_PRECOMPILE_PREFIX_HEADER = YES;
				GCC_PREFIX_HEADER = "SimpleViewController/SimpleViewController-Prefix.pch";
				INFOPLIST_FILE = "SimpleViewController/SimpleViewController-Info.plist";
				IPHONEOS_DEPLOYMENT_TARGET = 5.0;
				LIBRARY_SEARCH_PATHS = (
					"$(inherited)",
					"\"$(SRCROOT)/../../../lib_bin/ios\"",
				);
				PRODUCT_NAME = SimpleViewController;
				WRAPPER_EXTENSION = app;
			};
			name = Debug;
		};
		3D4FAE381656CA1700A2C487 /* Release */ = {
			isa = XCBuildConfiguration;
			buildSettings = {
				CLANG_ENABLE_OBJC_ARC = YES;
				FRAMEWORK_SEARCH_PATHS = (
					"$(inherited)",
					"\"$(SRCROOT)/../../../lib_bin/ios\"",
				);
				GCC_PRECOMPILE_PREFIX_HEADER = YES;
				GCC_PREFIX_HEADER = "SimpleViewController/SimpleViewController-Prefix.pch";
				INFOPLIST_FILE = "SimpleViewController/SimpleViewController-Info.plist";
				IPHONEOS_DEPLOYMENT_TARGET = 5.0;
				LIBRARY_SEARCH_PATHS = (
					"$(inherited)",
					"\"$(SRCROOT)/../../../lib_bin/ios\"",
				);
				PRODUCT_NAME = SimpleViewController;
				WRAPPER_EXTENSION = app;
			};
			name = Release;
		};
/* End XCBuildConfiguration section */

/* Begin XCConfigurationList section */
		3D4FADF51656CA1700A2C487 /* Build configuration list for PBXProject "SimpleViewController" */ = {
			isa = XCConfigurationList;
			buildConfigurations = (
				3D4FAE341656CA1700A2C487 /* Debug */,
				3D4FAE351656CA1700A2C487 /* Release */,
			);
			defaultConfigurationIsVisible = 0;
			defaultConfigurationName = Release;
		};
		3D4FAE361656CA1700A2C487 /* Build configuration list for PBXNativeTarget "SimpleViewController" */ = {
			isa = XCConfigurationList;
			buildConfigurations = (
				3D4FAE371656CA1700A2C487 /* Debug */,
				3D4FAE381656CA1700A2C487 /* Release */,
			);
			defaultConfigurationIsVisible = 0;
			defaultConfigurationName = Release;
		};
/* End XCConfigurationList section */
	};
	rootObject = 3D4FADF21656CA1700A2C487 /* Project object */;
}
