// !$*UTF8*$!
{
	archiveVersion = 1;
	classes = {
	};
	objectVersion = 46;
	objects = {

/* Begin PBXBuildFile section */
		3DE70A4D1827AE8B001CDA77 /* libpng.a in Frameworks */ = {isa = PBXBuildFile; fileRef = 3DE70A341827AE8A001CDA77 /* libpng.a */; };
		3DE70A761827AEFD001CDA77 /* config.h in Headers */ = {isa = PBXBuildFile; fileRef = 3DE70A5E1827AEFD001CDA77 /* config.h */; };
		3DE70A771827AEFD001CDA77 /* png.c in Sources */ = {isa = PBXBuildFile; fileRef = 3DE70A5F1827AEFD001CDA77 /* png.c */; };
		3DE70A781827AEFD001CDA77 /* png.h in Headers */ = {isa = PBXBuildFile; fileRef = 3DE70A601827AEFD001CDA77 /* png.h */; };
		3DE70A791827AEFD001CDA77 /* pngconf.h in Headers */ = {isa = PBXBuildFile; fileRef = 3DE70A611827AEFD001CDA77 /* pngconf.h */; };
		3DE70A7A1827AEFD001CDA77 /* pngdebug.h in Headers */ = {isa = PBXBuildFile; fileRef = 3DE70A621827AEFD001CDA77 /* pngdebug.h */; };
		3DE70A7B1827AEFD001CDA77 /* pngerror.c in Sources */ = {isa = PBXBuildFile; fileRef = 3DE70A631827AEFD001CDA77 /* pngerror.c */; };
		3DE70A7C1827AEFD001CDA77 /* pngget.c in Sources */ = {isa = PBXBuildFile; fileRef = 3DE70A641827AEFD001CDA77 /* pngget.c */; };
		3DE70A7D1827AEFD001CDA77 /* pnginfo.h in Headers */ = {isa = PBXBuildFile; fileRef = 3DE70A651827AEFD001CDA77 /* pnginfo.h */; };
		3DE70A7E1827AEFD001CDA77 /* pnglibconf.h in Headers */ = {isa = PBXBuildFile; fileRef = 3DE70A661827AEFD001CDA77 /* pnglibconf.h */; };
		3DE70A7F1827AEFD001CDA77 /* pngmem.c in Sources */ = {isa = PBXBuildFile; fileRef = 3DE70A671827AEFD001CDA77 /* pngmem.c */; };
		3DE70A801827AEFD001CDA77 /* pngpread.c in Sources */ = {isa = PBXBuildFile; fileRef = 3DE70A681827AEFD001CDA77 /* pngpread.c */; };
		3DE70A811827AEFD001CDA77 /* pngpriv.h in Headers */ = {isa = PBXBuildFile; fileRef = 3DE70A691827AEFD001CDA77 /* pngpriv.h */; };
		3DE70A821827AEFD001CDA77 /* pngread.c in Sources */ = {isa = PBXBuildFile; fileRef = 3DE70A6A1827AEFD001CDA77 /* pngread.c */; };
		3DE70A831827AEFD001CDA77 /* pngrio.c in Sources */ = {isa = PBXBuildFile; fileRef = 3DE70A6B1827AEFD001CDA77 /* pngrio.c */; };
		3DE70A841827AEFD001CDA77 /* pngrtran.c in Sources */ = {isa = PBXBuildFile; fileRef = 3DE70A6C1827AEFD001CDA77 /* pngrtran.c */; };
		3DE70A851827AEFD001CDA77 /* pngrutil.c in Sources */ = {isa = PBXBuildFile; fileRef = 3DE70A6D1827AEFD001CDA77 /* pngrutil.c */; };
		3DE70A861827AEFD001CDA77 /* pngset.c in Sources */ = {isa = PBXBuildFile; fileRef = 3DE70A6E1827AEFD001CDA77 /* pngset.c */; };
		3DE70A871827AEFD001CDA77 /* pngstruct.h in Headers */ = {isa = PBXBuildFile; fileRef = 3DE70A6F1827AEFD001CDA77 /* pngstruct.h */; };
		3DE70A881827AEFD001CDA77 /* pngtest.c in Sources */ = {isa = PBXBuildFile; fileRef = 3DE70A701827AEFD001CDA77 /* pngtest.c */; };
		3DE70A891827AEFD001CDA77 /* pngtrans.c in Sources */ = {isa = PBXBuildFile; fileRef = 3DE70A711827AEFD001CDA77 /* pngtrans.c */; };
		3DE70A8A1827AEFD001CDA77 /* pngwio.c in Sources */ = {isa = PBXBuildFile; fileRef = 3DE70A721827AEFD001CDA77 /* pngwio.c */; };
		3DE70A8B1827AEFD001CDA77 /* pngwrite.c in Sources */ = {isa = PBXBuildFile; fileRef = 3DE70A731827AEFD001CDA77 /* pngwrite.c */; };
		3DE70A8C1827AEFD001CDA77 /* pngwtran.c in Sources */ = {isa = PBXBuildFile; fileRef = 3DE70A741827AEFD001CDA77 /* pngwtran.c */; };
		3DE70A8D1827AEFD001CDA77 /* pngwutil.c in Sources */ = {isa = PBXBuildFile; fileRef = 3DE70A751827AEFD001CDA77 /* pngwutil.c */; };
/* End PBXBuildFile section */

/* Begin PBXContainerItemProxy section */
		3DE70A4B1827AE8B001CDA77 /* PBXContainerItemProxy */ = {
			isa = PBXContainerItemProxy;
			containerPortal = 3DE70A2C1827AE8A001CDA77 /* Project object */;
			proxyType = 1;
			remoteGlobalIDString = 3DE70A331827AE8A001CDA77;
			remoteInfo = png;
		};
/* End PBXContainerItemProxy section */

/* Begin PBXFileReference section */
		3DE70A341827AE8A001CDA77 /* libpng.a */ = {isa = PBXFileReference; explicitFileType = archive.ar; includeInIndex = 0; path = libpng.a; sourceTree = BUILT_PRODUCTS_DIR; };
		3DE70A3F1827AE8A001CDA77 /* png-Prefix.pch */ = {isa = PBXFileReference; lastKnownFileType = sourcecode.c.h; path = "png-Prefix.pch"; sourceTree = "<group>"; };
		3DE70A471827AE8B001CDA77 /* pngTests.xctest */ = {isa = PBXFileReference; explicitFileType = wrapper.cfbundle; includeInIndex = 0; path = pngTests.xctest; sourceTree = BUILT_PRODUCTS_DIR; };
		3DE70A5E1827AEFD001CDA77 /* config.h */ = {isa = PBXFileReference; fileEncoding = 4; lastKnownFileType = sourcecode.c.h; name = config.h; path = libpng/config.h; sourceTree = SOURCE_ROOT; };
		3DE70A5F1827AEFD001CDA77 /* png.c */ = {isa = PBXFileReference; fileEncoding = 4; lastKnownFileType = sourcecode.c.c; name = png.c; path = libpng/png.c; sourceTree = SOURCE_ROOT; };
		3DE70A601827AEFD001CDA77 /* png.h */ = {isa = PBXFileReference; fileEncoding = 4; lastKnownFileType = sourcecode.c.h; name = png.h; path = libpng/png.h; sourceTree = SOURCE_ROOT; };
		3DE70A611827AEFD001CDA77 /* pngconf.h */ = {isa = PBXFileReference; fileEncoding = 4; lastKnownFileType = sourcecode.c.h; name = pngconf.h; path = libpng/pngconf.h; sourceTree = SOURCE_ROOT; };
		3DE70A621827AEFD001CDA77 /* pngdebug.h */ = {isa = PBXFileReference; fileEncoding = 4; lastKnownFileType = sourcecode.c.h; name = pngdebug.h; path = libpng/pngdebug.h; sourceTree = SOURCE_ROOT; };
		3DE70A631827AEFD001CDA77 /* pngerror.c */ = {isa = PBXFileReference; fileEncoding = 4; lastKnownFileType = sourcecode.c.c; name = pngerror.c; path = libpng/pngerror.c; sourceTree = SOURCE_ROOT; };
		3DE70A641827AEFD001CDA77 /* pngget.c */ = {isa = PBXFileReference; fileEncoding = 4; lastKnownFileType = sourcecode.c.c; name = pngget.c; path = libpng/pngget.c; sourceTree = SOURCE_ROOT; };
		3DE70A651827AEFD001CDA77 /* pnginfo.h */ = {isa = PBXFileReference; fileEncoding = 4; lastKnownFileType = sourcecode.c.h; name = pnginfo.h; path = libpng/pnginfo.h; sourceTree = SOURCE_ROOT; };
		3DE70A661827AEFD001CDA77 /* pnglibconf.h */ = {isa = PBXFileReference; fileEncoding = 4; lastKnownFileType = sourcecode.c.h; name = pnglibconf.h; path = libpng/pnglibconf.h; sourceTree = SOURCE_ROOT; };
		3DE70A671827AEFD001CDA77 /* pngmem.c */ = {isa = PBXFileReference; fileEncoding = 4; lastKnownFileType = sourcecode.c.c; name = pngmem.c; path = libpng/pngmem.c; sourceTree = SOURCE_ROOT; };
		3DE70A681827AEFD001CDA77 /* pngpread.c */ = {isa = PBXFileReference; fileEncoding = 4; lastKnownFileType = sourcecode.c.c; name = pngpread.c; path = libpng/pngpread.c; sourceTree = SOURCE_ROOT; };
		3DE70A691827AEFD001CDA77 /* pngpriv.h */ = {isa = PBXFileReference; fileEncoding = 4; lastKnownFileType = sourcecode.c.h; name = pngpriv.h; path = libpng/pngpriv.h; sourceTree = SOURCE_ROOT; };
		3DE70A6A1827AEFD001CDA77 /* pngread.c */ = {isa = PBXFileReference; fileEncoding = 4; lastKnownFileType = sourcecode.c.c; name = pngread.c; path = libpng/pngread.c; sourceTree = SOURCE_ROOT; };
		3DE70A6B1827AEFD001CDA77 /* pngrio.c */ = {isa = PBXFileReference; fileEncoding = 4; lastKnownFileType = sourcecode.c.c; name = pngrio.c; path = libpng/pngrio.c; sourceTree = SOURCE_ROOT; };
		3DE70A6C1827AEFD001CDA77 /* pngrtran.c */ = {isa = PBXFileReference; fileEncoding = 4; lastKnownFileType = sourcecode.c.c; name = pngrtran.c; path = libpng/pngrtran.c; sourceTree = SOURCE_ROOT; };
		3DE70A6D1827AEFD001CDA77 /* pngrutil.c */ = {isa = PBXFileReference; fileEncoding = 4; lastKnownFileType = sourcecode.c.c; name = pngrutil.c; path = libpng/pngrutil.c; sourceTree = SOURCE_ROOT; };
		3DE70A6E1827AEFD001CDA77 /* pngset.c */ = {isa = PBXFileReference; fileEncoding = 4; lastKnownFileType = sourcecode.c.c; name = pngset.c; path = libpng/pngset.c; sourceTree = SOURCE_ROOT; };
		3DE70A6F1827AEFD001CDA77 /* pngstruct.h */ = {isa = PBXFileReference; fileEncoding = 4; lastKnownFileType = sourcecode.c.h; name = pngstruct.h; path = libpng/pngstruct.h; sourceTree = SOURCE_ROOT; };
		3DE70A701827AEFD001CDA77 /* pngtest.c */ = {isa = PBXFileReference; fileEncoding = 4; lastKnownFileType = sourcecode.c.c; name = pngtest.c; path = libpng/pngtest.c; sourceTree = SOURCE_ROOT; };
		3DE70A711827AEFD001CDA77 /* pngtrans.c */ = {isa = PBXFileReference; fileEncoding = 4; lastKnownFileType = sourcecode.c.c; name = pngtrans.c; path = libpng/pngtrans.c; sourceTree = SOURCE_ROOT; };
		3DE70A721827AEFD001CDA77 /* pngwio.c */ = {isa = PBXFileReference; fileEncoding = 4; lastKnownFileType = sourcecode.c.c; name = pngwio.c; path = libpng/pngwio.c; sourceTree = SOURCE_ROOT; };
		3DE70A731827AEFD001CDA77 /* pngwrite.c */ = {isa = PBXFileReference; fileEncoding = 4; lastKnownFileType = sourcecode.c.c; name = pngwrite.c; path = libpng/pngwrite.c; sourceTree = SOURCE_ROOT; };
		3DE70A741827AEFD001CDA77 /* pngwtran.c */ = {isa = PBXFileReference; fileEncoding = 4; lastKnownFileType = sourcecode.c.c; name = pngwtran.c; path = libpng/pngwtran.c; sourceTree = SOURCE_ROOT; };
		3DE70A751827AEFD001CDA77 /* pngwutil.c */ = {isa = PBXFileReference; fileEncoding = 4; lastKnownFileType = sourcecode.c.c; name = pngwutil.c; path = libpng/pngwutil.c; sourceTree = SOURCE_ROOT; };
/* End PBXFileReference section */

/* Begin PBXFrameworksBuildPhase section */
		3DE70A311827AE8A001CDA77 /* Frameworks */ = {
			isa = PBXFrameworksBuildPhase;
			buildActionMask = 2147483647;
			files = (
			);
			runOnlyForDeploymentPostprocessing = 0;
		};
		3DE70A441827AE8B001CDA77 /* Frameworks */ = {
			isa = PBXFrameworksBuildPhase;
			buildActionMask = 2147483647;
			files = (
				3DE70A4D1827AE8B001CDA77 /* libpng.a in Frameworks */,
			);
			runOnlyForDeploymentPostprocessing = 0;
		};
/* End PBXFrameworksBuildPhase section */

/* Begin PBXGroup section */
		3DE70A2B1827AE8A001CDA77 = {
			isa = PBXGroup;
			children = (
				3DE70A3D1827AE8A001CDA77 /* png */,
				3DE70A351827AE8A001CDA77 /* Products */,
			);
			sourceTree = "<group>";
		};
		3DE70A351827AE8A001CDA77 /* Products */ = {
			isa = PBXGroup;
			children = (
				3DE70A341827AE8A001CDA77 /* libpng.a */,
				3DE70A471827AE8B001CDA77 /* pngTests.xctest */,
			);
			name = Products;
			sourceTree = "<group>";
		};
		3DE70A3D1827AE8A001CDA77 /* png */ = {
			isa = PBXGroup;
			children = (
				3DE70A5E1827AEFD001CDA77 /* config.h */,
				3DE70A5F1827AEFD001CDA77 /* png.c */,
				3DE70A601827AEFD001CDA77 /* png.h */,
				3DE70A611827AEFD001CDA77 /* pngconf.h */,
				3DE70A621827AEFD001CDA77 /* pngdebug.h */,
				3DE70A631827AEFD001CDA77 /* pngerror.c */,
				3DE70A641827AEFD001CDA77 /* pngget.c */,
				3DE70A651827AEFD001CDA77 /* pnginfo.h */,
				3DE70A661827AEFD001CDA77 /* pnglibconf.h */,
				3DE70A671827AEFD001CDA77 /* pngmem.c */,
				3DE70A681827AEFD001CDA77 /* pngpread.c */,
				3DE70A691827AEFD001CDA77 /* pngpriv.h */,
				3DE70A6A1827AEFD001CDA77 /* pngread.c */,
				3DE70A6B1827AEFD001CDA77 /* pngrio.c */,
				3DE70A6C1827AEFD001CDA77 /* pngrtran.c */,
				3DE70A6D1827AEFD001CDA77 /* pngrutil.c */,
				3DE70A6E1827AEFD001CDA77 /* pngset.c */,
				3DE70A6F1827AEFD001CDA77 /* pngstruct.h */,
				3DE70A701827AEFD001CDA77 /* pngtest.c */,
				3DE70A711827AEFD001CDA77 /* pngtrans.c */,
				3DE70A721827AEFD001CDA77 /* pngwio.c */,
				3DE70A731827AEFD001CDA77 /* pngwrite.c */,
				3DE70A741827AEFD001CDA77 /* pngwtran.c */,
				3DE70A751827AEFD001CDA77 /* pngwutil.c */,
				3DE70A3E1827AE8A001CDA77 /* Supporting Files */,
			);
			path = png;
			sourceTree = "<group>";
		};
		3DE70A3E1827AE8A001CDA77 /* Supporting Files */ = {
			isa = PBXGroup;
			children = (
				3DE70A3F1827AE8A001CDA77 /* png-Prefix.pch */,
			);
			name = "Supporting Files";
			sourceTree = "<group>";
		};
/* End PBXGroup section */

/* Begin PBXHeadersBuildPhase section */
		3DE70A321827AE8A001CDA77 /* Headers */ = {
			isa = PBXHeadersBuildPhase;
			buildActionMask = 2147483647;
			files = (
				3DE70A7D1827AEFD001CDA77 /* pnginfo.h in Headers */,
				3DE70A7A1827AEFD001CDA77 /* pngdebug.h in Headers */,
				3DE70A781827AEFD001CDA77 /* png.h in Headers */,
				3DE70A871827AEFD001CDA77 /* pngstruct.h in Headers */,
				3DE70A761827AEFD001CDA77 /* config.h in Headers */,
				3DE70A7E1827AEFD001CDA77 /* pnglibconf.h in Headers */,
				3DE70A811827AEFD001CDA77 /* pngpriv.h in Headers */,
				3DE70A791827AEFD001CDA77 /* pngconf.h in Headers */,
			);
			runOnlyForDeploymentPostprocessing = 0;
		};
/* End PBXHeadersBuildPhase section */

/* Begin PBXNativeTarget section */
		3DE70A331827AE8A001CDA77 /* png */ = {
			isa = PBXNativeTarget;
			buildConfigurationList = 3DE70A581827AE8B001CDA77 /* Build configuration list for PBXNativeTarget "png" */;
			buildPhases = (
				3DE70A301827AE8A001CDA77 /* Sources */,
				3DE70A311827AE8A001CDA77 /* Frameworks */,
				3DE70A321827AE8A001CDA77 /* Headers */,
			);
			buildRules = (
			);
			dependencies = (
			);
			name = png;
			productName = png;
			productReference = 3DE70A341827AE8A001CDA77 /* libpng.a */;
			productType = "com.apple.product-type.library.static";
		};
		3DE70A461827AE8B001CDA77 /* pngTests */ = {
			isa = PBXNativeTarget;
			buildConfigurationList = 3DE70A5B1827AE8B001CDA77 /* Build configuration list for PBXNativeTarget "pngTests" */;
			buildPhases = (
				3DE70A431827AE8B001CDA77 /* Sources */,
				3DE70A441827AE8B001CDA77 /* Frameworks */,
				3DE70A451827AE8B001CDA77 /* Resources */,
			);
			buildRules = (
			);
			dependencies = (
				3DE70A4C1827AE8B001CDA77 /* PBXTargetDependency */,
			);
			name = pngTests;
			productName = pngTests;
			productReference = 3DE70A471827AE8B001CDA77 /* pngTests.xctest */;
			productType = "com.apple.product-type.bundle.unit-test";
		};
/* End PBXNativeTarget section */

/* Begin PBXProject section */
		3DE70A2C1827AE8A001CDA77 /* Project object */ = {
			isa = PBXProject;
			attributes = {
				LastUpgradeCheck = 0500;
				ORGANIZATIONNAME = "Resident Evil";
			};
			buildConfigurationList = 3DE70A2F1827AE8A001CDA77 /* Build configuration list for PBXProject "png" */;
			compatibilityVersion = "Xcode 3.2";
			developmentRegion = English;
			hasScannedForEncodings = 0;
			knownRegions = (
				en,
			);
			mainGroup = 3DE70A2B1827AE8A001CDA77;
			productRefGroup = 3DE70A351827AE8A001CDA77 /* Products */;
			projectDirPath = "";
			projectRoot = "";
			targets = (
				3DE70A331827AE8A001CDA77 /* png */,
				3DE70A461827AE8B001CDA77 /* pngTests */,
			);
		};
/* End PBXProject section */

/* Begin PBXResourcesBuildPhase section */
		3DE70A451827AE8B001CDA77 /* Resources */ = {
			isa = PBXResourcesBuildPhase;
			buildActionMask = 2147483647;
			files = (
			);
			runOnlyForDeploymentPostprocessing = 0;
		};
/* End PBXResourcesBuildPhase section */

/* Begin PBXSourcesBuildPhase section */
		3DE70A301827AE8A001CDA77 /* Sources */ = {
			isa = PBXSourcesBuildPhase;
			buildActionMask = 2147483647;
			files = (
				3DE70A891827AEFD001CDA77 /* pngtrans.c in Sources */,
				3DE70A7B1827AEFD001CDA77 /* pngerror.c in Sources */,
				3DE70A7F1827AEFD001CDA77 /* pngmem.c in Sources */,
				3DE70A8B1827AEFD001CDA77 /* pngwrite.c in Sources */,
				3DE70A831827AEFD001CDA77 /* pngrio.c in Sources */,
				3DE70A8D1827AEFD001CDA77 /* pngwutil.c in Sources */,
				3DE70A771827AEFD001CDA77 /* png.c in Sources */,
				3DE70A8A1827AEFD001CDA77 /* pngwio.c in Sources */,
				3DE70A881827AEFD001CDA77 /* pngtest.c in Sources */,
				3DE70A861827AEFD001CDA77 /* pngset.c in Sources */,
				3DE70A801827AEFD001CDA77 /* pngpread.c in Sources */,
				3DE70A7C1827AEFD001CDA77 /* pngget.c in Sources */,
				3DE70A821827AEFD001CDA77 /* pngread.c in Sources */,
				3DE70A851827AEFD001CDA77 /* pngrutil.c in Sources */,
				3DE70A8C1827AEFD001CDA77 /* pngwtran.c in Sources */,
				3DE70A841827AEFD001CDA77 /* pngrtran.c in Sources */,
			);
			runOnlyForDeploymentPostprocessing = 0;
		};
		3DE70A431827AE8B001CDA77 /* Sources */ = {
			isa = PBXSourcesBuildPhase;
			buildActionMask = 2147483647;
			files = (
			);
			runOnlyForDeploymentPostprocessing = 0;
		};
/* End PBXSourcesBuildPhase section */

/* Begin PBXTargetDependency section */
		3DE70A4C1827AE8B001CDA77 /* PBXTargetDependency */ = {
			isa = PBXTargetDependency;
			target = 3DE70A331827AE8A001CDA77 /* png */;
			targetProxy = 3DE70A4B1827AE8B001CDA77 /* PBXContainerItemProxy */;
		};
/* End PBXTargetDependency section */

/* Begin XCBuildConfiguration section */
		3DE70A561827AE8B001CDA77 /* Debug */ = {
			isa = XCBuildConfiguration;
			buildSettings = {
				ALWAYS_SEARCH_USER_PATHS = NO;
				CLANG_CXX_LANGUAGE_STANDARD = "gnu++0x";
				CLANG_CXX_LIBRARY = "libc++";
				CLANG_ENABLE_OBJC_ARC = YES;
				CLANG_WARN_BOOL_CONVERSION = YES;
				CLANG_WARN_CONSTANT_CONVERSION = YES;
				CLANG_WARN_DIRECT_OBJC_ISA_USAGE = YES_ERROR;
				CLANG_WARN_EMPTY_BODY = YES;
				CLANG_WARN_ENUM_CONVERSION = YES;
				CLANG_WARN_INT_CONVERSION = YES;
				CLANG_WARN_OBJC_ROOT_CLASS = YES_ERROR;
				CLANG_WARN__DUPLICATE_METHOD_MATCH = YES;
				COPY_PHASE_STRIP = NO;
				GCC_C_LANGUAGE_STANDARD = gnu99;
				GCC_DYNAMIC_NO_PIC = NO;
				GCC_ENABLE_OBJC_EXCEPTIONS = YES;
				GCC_OPTIMIZATION_LEVEL = 0;
				GCC_PREPROCESSOR_DEFINITIONS = (
					"DEBUG=1",
					"$(inherited)",
				);
				GCC_SYMBOLS_PRIVATE_EXTERN = NO;
				GCC_WARN_64_TO_32_BIT_CONVERSION = YES;
				GCC_WARN_ABOUT_RETURN_TYPE = YES_ERROR;
				GCC_WARN_UNDECLARED_SELECTOR = YES;
				GCC_WARN_UNINITIALIZED_AUTOS = YES;
				GCC_WARN_UNUSED_FUNCTION = YES;
				GCC_WARN_UNUSED_VARIABLE = YES;
				MACOSX_DEPLOYMENT_TARGET = 10.9;
				ONLY_ACTIVE_ARCH = YES;
				SDKROOT = macosx;
			};
			name = Debug;
		};
		3DE70A571827AE8B001CDA77 /* Release */ = {
			isa = XCBuildConfiguration;
			buildSettings = {
				ALWAYS_SEARCH_USER_PATHS = NO;
				CLANG_CXX_LANGUAGE_STANDARD = "gnu++0x";
				CLANG_CXX_LIBRARY = "libc++";
				CLANG_ENABLE_OBJC_ARC = YES;
				CLANG_WARN_BOOL_CONVERSION = YES;
				CLANG_WARN_CONSTANT_CONVERSION = YES;
				CLANG_WARN_DIRECT_OBJC_ISA_USAGE = YES_ERROR;
				CLANG_WARN_EMPTY_BODY = YES;
				CLANG_WARN_ENUM_CONVERSION = YES;
				CLANG_WARN_INT_CONVERSION = YES;
				CLANG_WARN_OBJC_ROOT_CLASS = YES_ERROR;
				CLANG_WARN__DUPLICATE_METHOD_MATCH = YES;
				COPY_PHASE_STRIP = YES;
				DEBUG_INFORMATION_FORMAT = "dwarf-with-dsym";
				ENABLE_NS_ASSERTIONS = NO;
				GCC_C_LANGUAGE_STANDARD = gnu99;
				GCC_ENABLE_OBJC_EXCEPTIONS = YES;
				GCC_WARN_64_TO_32_BIT_CONVERSION = YES;
				GCC_WARN_ABOUT_RETURN_TYPE = YES_ERROR;
				GCC_WARN_UNDECLARED_SELECTOR = YES;
				GCC_WARN_UNINITIALIZED_AUTOS = YES;
				GCC_WARN_UNUSED_FUNCTION = YES;
				GCC_WARN_UNUSED_VARIABLE = YES;
				MACOSX_DEPLOYMENT_TARGET = 10.9;
				SDKROOT = macosx;
			};
			name = Release;
		};
		3DE70A591827AE8B001CDA77 /* Debug */ = {
			isa = XCBuildConfiguration;
			buildSettings = {
				ARCHS = "$(ARCHS_STANDARD_32_64_BIT)";
				GCC_PRECOMPILE_PREFIX_HEADER = YES;
				GCC_PREFIX_HEADER = "png-Prefix.pch";
				PRODUCT_NAME = "$(TARGET_NAME)";
			};
			name = Debug;
		};
		3DE70A5A1827AE8B001CDA77 /* Release */ = {
			isa = XCBuildConfiguration;
			buildSettings = {
				ARCHS = "$(ARCHS_STANDARD_32_64_BIT)";
				GCC_OPTIMIZATION_LEVEL = 3;
				GCC_PRECOMPILE_PREFIX_HEADER = YES;
				GCC_PREFIX_HEADER = "png-Prefix.pch";
				PRODUCT_NAME = "$(TARGET_NAME)";
			};
			name = Release;
		};
		3DE70A5C1827AE8B001CDA77 /* Debug */ = {
			isa = XCBuildConfiguration;
			buildSettings = {
				COMBINE_HIDPI_IMAGES = YES;
				FRAMEWORK_SEARCH_PATHS = (
					"$(DEVELOPER_FRAMEWORKS_DIR)",
					"$(inherited)",
				);
				GCC_PRECOMPILE_PREFIX_HEADER = YES;
				GCC_PREFIX_HEADER = "png/png-Prefix.pch";
				GCC_PREPROCESSOR_DEFINITIONS = (
					"DEBUG=1",
					"$(inherited)",
				);
				INFOPLIST_FILE = "pngTests/pngTests-Info.plist";
				PRODUCT_NAME = "$(TARGET_NAME)";
				WRAPPER_EXTENSION = xctest;
			};
			name = Debug;
		};
		3DE70A5D1827AE8B001CDA77 /* Release */ = {
			isa = XCBuildConfiguration;
			buildSettings = {
				COMBINE_HIDPI_IMAGES = YES;
				FRAMEWORK_SEARCH_PATHS = (
					"$(DEVELOPER_FRAMEWORKS_DIR)",
					"$(inherited)",
				);
				GCC_PRECOMPILE_PREFIX_HEADER = YES;
				GCC_PREFIX_HEADER = "png/png-Prefix.pch";
				INFOPLIST_FILE = "pngTests/pngTests-Info.plist";
				PRODUCT_NAME = "$(TARGET_NAME)";
				WRAPPER_EXTENSION = xctest;
			};
			name = Release;
		};
/* End XCBuildConfiguration section */

/* Begin XCConfigurationList section */
		3DE70A2F1827AE8A001CDA77 /* Build configuration list for PBXProject "png" */ = {
			isa = XCConfigurationList;
			buildConfigurations = (
				3DE70A561827AE8B001CDA77 /* Debug */,
				3DE70A571827AE8B001CDA77 /* Release */,
			);
			defaultConfigurationIsVisible = 0;
			defaultConfigurationName = Release;
		};
		3DE70A581827AE8B001CDA77 /* Build configuration list for PBXNativeTarget "png" */ = {
			isa = XCConfigurationList;
			buildConfigurations = (
				3DE70A591827AE8B001CDA77 /* Debug */,
				3DE70A5A1827AE8B001CDA77 /* Release */,
			);
			defaultConfigurationIsVisible = 0;
			defaultConfigurationName = Release;
		};
		3DE70A5B1827AE8B001CDA77 /* Build configuration list for PBXNativeTarget "pngTests" */ = {
			isa = XCConfigurationList;
			buildConfigurations = (
				3DE70A5C1827AE8B001CDA77 /* Debug */,
				3DE70A5D1827AE8B001CDA77 /* Release */,
			);
			defaultConfigurationIsVisible = 0;
			defaultConfigurationName = Release;
		};
/* End XCConfigurationList section */
	};
	rootObject = 3DE70A2C1827AE8A001CDA77 /* Project object */;
}
